
Microsoft Visual Studio Solution File, Format Version 12.00
# Visual Studio Version 16
VisualStudioVersion = 16.0.29709.97
MinimumVisualStudioVersion = 10.0.40219.1
Project("{D954291E-2A0B-460D-934E-DC6B0785DB48}") = "InfMeasure.Shared", "InfMeasure\InfMeasure.Shared\InfMeasure.Shared.shproj", "{6279C845-92F8-4333-AB99-3D213163593C}"
EndProject
Project("{FAE04EC0-301F-11D3-BF4B-00C04F79EFBC}") = "InfMeasure.Droid", "InfMeasure\InfMeasure.Droid\InfMeasure.Droid.csproj", "{9C31E6E7-94F5-4AAE-B94E-22B965EC84ED}"
EndProject
Project("{FAE04EC0-301F-11D3-BF4B-00C04F79EFBC}") = "InfMeasure.iOS", "InfMeasure\InfMeasure.iOS\InfMeasure.iOS.csproj", "{F5E0ABDE-252B-4176-997F-AAAB8DB38BBF}"
EndProject
Project("{FAE04EC0-301F-11D3-BF4B-00C04F79EFBC}") = "InfMeasure.UWP", "InfMeasure\InfMeasure.UWP\InfMeasure.UWP.csproj", "{EC9ECC10-6C6D-423A-8398-217A7B88B1E6}"
EndProject
Project("{FAE04EC0-301F-11D3-BF4B-00C04F79EFBC}") = "InfMeasure.Wasm", "InfMeasure\InfMeasure.Wasm\InfMeasure.Wasm.csproj", "{E5627A6C-400A-490F-8F80-C5CF3951713F}"
EndProject
Global
	GlobalSection(SharedMSBuildProjectFiles) = preSolution
		InfMeasure\InfMeasure.Shared\InfMeasure.Shared.projitems*{6279c845-92f8-4333-ab99-3d213163593c}*SharedItemsImports = 13
	EndGlobalSection
	GlobalSection(SolutionConfigurationPlatforms) = preSolution
		Ad-Hoc|Any CPU = Ad-Hoc|Any CPU
		Ad-Hoc|ARM = Ad-Hoc|ARM
		Ad-Hoc|iPhone = Ad-Hoc|iPhone
		Ad-Hoc|iPhoneSimulator = Ad-Hoc|iPhoneSimulator
		Ad-Hoc|x64 = Ad-Hoc|x64
		Ad-Hoc|x86 = Ad-Hoc|x86
		AppStore|Any CPU = AppStore|Any CPU
		AppStore|ARM = AppStore|ARM
		AppStore|iPhone = AppStore|iPhone
		AppStore|iPhoneSimulator = AppStore|iPhoneSimulator
		AppStore|x64 = AppStore|x64
		AppStore|x86 = AppStore|x86
		Debug|Any CPU = Debug|Any CPU
		Debug|ARM = Debug|ARM
		Debug|iPhone = Debug|iPhone
		Debug|iPhoneSimulator = Debug|iPhoneSimulator
		Debug|x64 = Debug|x64
		Debug|x86 = Debug|x86
		Release|Any CPU = Release|Any CPU
		Release|ARM = Release|ARM
		Release|iPhone = Release|iPhone
		Release|iPhoneSimulator = Release|iPhoneSimulator
		Release|x64 = Release|x64
		Release|x86 = Release|x86
	EndGlobalSection
	GlobalSection(ProjectConfigurationPlatforms) = postSolution
		{9C31E6E7-94F5-4AAE-B94E-22B965EC84ED}.Ad-Hoc|Any CPU.ActiveCfg = Release|Any CPU
		{9C31E6E7-94F5-4AAE-B94E-22B965EC84ED}.Ad-Hoc|Any CPU.Build.0 = Release|Any CPU
		{9C31E6E7-94F5-4AAE-B94E-22B965EC84ED}.Ad-Hoc|Any CPU.Deploy.0 = Release|Any CPU
		{9C31E6E7-94F5-4AAE-B94E-22B965EC84ED}.Ad-Hoc|ARM.ActiveCfg = Release|Any CPU
		{9C31E6E7-94F5-4AAE-B94E-22B965EC84ED}.Ad-Hoc|ARM.Build.0 = Release|Any CPU
		{9C31E6E7-94F5-4AAE-B94E-22B965EC84ED}.Ad-Hoc|ARM.Deploy.0 = Release|Any CPU
		{9C31E6E7-94F5-4AAE-B94E-22B965EC84ED}.Ad-Hoc|iPhone.ActiveCfg = Release|Any CPU
		{9C31E6E7-94F5-4AAE-B94E-22B965EC84ED}.Ad-Hoc|iPhone.Build.0 = Release|Any CPU
		{9C31E6E7-94F5-4AAE-B94E-22B965EC84ED}.Ad-Hoc|iPhone.Deploy.0 = Release|Any CPU
		{9C31E6E7-94F5-4AAE-B94E-22B965EC84ED}.Ad-Hoc|iPhoneSimulator.ActiveCfg = Release|Any CPU
		{9C31E6E7-94F5-4AAE-B94E-22B965EC84ED}.Ad-Hoc|iPhoneSimulator.Build.0 = Release|Any CPU
		{9C31E6E7-94F5-4AAE-B94E-22B965EC84ED}.Ad-Hoc|iPhoneSimulator.Deploy.0 = Release|Any CPU
		{9C31E6E7-94F5-4AAE-B94E-22B965EC84ED}.Ad-Hoc|x64.ActiveCfg = Release|Any CPU
		{9C31E6E7-94F5-4AAE-B94E-22B965EC84ED}.Ad-Hoc|x64.Build.0 = Release|Any CPU
		{9C31E6E7-94F5-4AAE-B94E-22B965EC84ED}.Ad-Hoc|x64.Deploy.0 = Release|Any CPU
		{9C31E6E7-94F5-4AAE-B94E-22B965EC84ED}.Ad-Hoc|x86.ActiveCfg = Release|Any CPU
		{9C31E6E7-94F5-4AAE-B94E-22B965EC84ED}.Ad-Hoc|x86.Build.0 = Release|Any CPU
		{9C31E6E7-94F5-4AAE-B94E-22B965EC84ED}.Ad-Hoc|x86.Deploy.0 = Release|Any CPU
		{9C31E6E7-94F5-4AAE-B94E-22B965EC84ED}.AppStore|Any CPU.ActiveCfg = Release|Any CPU
		{9C31E6E7-94F5-4AAE-B94E-22B965EC84ED}.AppStore|Any CPU.Build.0 = Release|Any CPU
		{9C31E6E7-94F5-4AAE-B94E-22B965EC84ED}.AppStore|Any CPU.Deploy.0 = Release|Any CPU
		{9C31E6E7-94F5-4AAE-B94E-22B965EC84ED}.AppStore|ARM.ActiveCfg = Release|Any CPU
		{9C31E6E7-94F5-4AAE-B94E-22B965EC84ED}.AppStore|ARM.Build.0 = Release|Any CPU
		{9C31E6E7-94F5-4AAE-B94E-22B965EC84ED}.AppStore|ARM.Deploy.0 = Release|Any CPU
		{9C31E6E7-94F5-4AAE-B94E-22B965EC84ED}.AppStore|iPhone.ActiveCfg = Release|Any CPU
		{9C31E6E7-94F5-4AAE-B94E-22B965EC84ED}.AppStore|iPhone.Build.0 = Release|Any CPU
		{9C31E6E7-94F5-4AAE-B94E-22B965EC84ED}.AppStore|iPhone.Deploy.0 = Release|Any CPU
		{9C31E6E7-94F5-4AAE-B94E-22B965EC84ED}.AppStore|iPhoneSimulator.ActiveCfg = Release|Any CPU
		{9C31E6E7-94F5-4AAE-B94E-22B965EC84ED}.AppStore|iPhoneSimulator.Build.0 = Release|Any CPU
		{9C31E6E7-94F5-4AAE-B94E-22B965EC84ED}.AppStore|iPhoneSimulator.Deploy.0 = Release|Any CPU
		{9C31E6E7-94F5-4AAE-B94E-22B965EC84ED}.AppStore|x64.ActiveCfg = Release|Any CPU
		{9C31E6E7-94F5-4AAE-B94E-22B965EC84ED}.AppStore|x64.Build.0 = Release|Any CPU
		{9C31E6E7-94F5-4AAE-B94E-22B965EC84ED}.AppStore|x64.Deploy.0 = Release|Any CPU
		{9C31E6E7-94F5-4AAE-B94E-22B965EC84ED}.AppStore|x86.ActiveCfg = Release|Any CPU
		{9C31E6E7-94F5-4AAE-B94E-22B965EC84ED}.AppStore|x86.Build.0 = Release|Any CPU
		{9C31E6E7-94F5-4AAE-B94E-22B965EC84ED}.AppStore|x86.Deploy.0 = Release|Any CPU
		{9C31E6E7-94F5-4AAE-B94E-22B965EC84ED}.Debug|Any CPU.ActiveCfg = Debug|Any CPU
		{9C31E6E7-94F5-4AAE-B94E-22B965EC84ED}.Debug|Any CPU.Build.0 = Debug|Any CPU
		{9C31E6E7-94F5-4AAE-B94E-22B965EC84ED}.Debug|Any CPU.Deploy.0 = Debug|Any CPU
		{9C31E6E7-94F5-4AAE-B94E-22B965EC84ED}.Debug|ARM.ActiveCfg = Debug|Any CPU
		{9C31E6E7-94F5-4AAE-B94E-22B965EC84ED}.Debug|ARM.Build.0 = Debug|Any CPU
		{9C31E6E7-94F5-4AAE-B94E-22B965EC84ED}.Debug|ARM.Deploy.0 = Debug|Any CPU
		{9C31E6E7-94F5-4AAE-B94E-22B965EC84ED}.Debug|iPhone.ActiveCfg = Debug|Any CPU
		{9C31E6E7-94F5-4AAE-B94E-22B965EC84ED}.Debug|iPhone.Build.0 = Debug|Any CPU
		{9C31E6E7-94F5-4AAE-B94E-22B965EC84ED}.Debug|iPhone.Deploy.0 = Debug|Any CPU
		{9C31E6E7-94F5-4AAE-B94E-22B965EC84ED}.Debug|iPhoneSimulator.ActiveCfg = Debug|Any CPU
		{9C31E6E7-94F5-4AAE-B94E-22B965EC84ED}.Debug|iPhoneSimulator.Build.0 = Debug|Any CPU
		{9C31E6E7-94F5-4AAE-B94E-22B965EC84ED}.Debug|iPhoneSimulator.Deploy.0 = Debug|Any CPU
		{9C31E6E7-94F5-4AAE-B94E-22B965EC84ED}.Debug|x64.ActiveCfg = Debug|Any CPU
		{9C31E6E7-94F5-4AAE-B94E-22B965EC84ED}.Debug|x64.Build.0 = Debug|Any CPU
		{9C31E6E7-94F5-4AAE-B94E-22B965EC84ED}.Debug|x64.Deploy.0 = Debug|Any CPU
		{9C31E6E7-94F5-4AAE-B94E-22B965EC84ED}.Debug|x86.ActiveCfg = Debug|Any CPU
		{9C31E6E7-94F5-4AAE-B94E-22B965EC84ED}.Debug|x86.Build.0 = Debug|Any CPU
		{9C31E6E7-94F5-4AAE-B94E-22B965EC84ED}.Debug|x86.Deploy.0 = Debug|Any CPU
		{9C31E6E7-94F5-4AAE-B94E-22B965EC84ED}.Release|Any CPU.ActiveCfg = Release|Any CPU
		{9C31E6E7-94F5-4AAE-B94E-22B965EC84ED}.Release|Any CPU.Build.0 = Release|Any CPU
		{9C31E6E7-94F5-4AAE-B94E-22B965EC84ED}.Release|Any CPU.Deploy.0 = Release|Any CPU
		{9C31E6E7-94F5-4AAE-B94E-22B965EC84ED}.Release|ARM.ActiveCfg = Release|Any CPU
		{9C31E6E7-94F5-4AAE-B94E-22B965EC84ED}.Release|ARM.Build.0 = Release|Any CPU
		{9C31E6E7-94F5-4AAE-B94E-22B965EC84ED}.Release|ARM.Deploy.0 = Release|Any CPU
		{9C31E6E7-94F5-4AAE-B94E-22B965EC84ED}.Release|iPhone.ActiveCfg = Release|Any CPU
		{9C31E6E7-94F5-4AAE-B94E-22B965EC84ED}.Release|iPhone.Build.0 = Release|Any CPU
		{9C31E6E7-94F5-4AAE-B94E-22B965EC84ED}.Release|iPhone.Deploy.0 = Release|Any CPU
		{9C31E6E7-94F5-4AAE-B94E-22B965EC84ED}.Release|iPhoneSimulator.ActiveCfg = Release|Any CPU
		{9C31E6E7-94F5-4AAE-B94E-22B965EC84ED}.Release|iPhoneSimulator.Build.0 = Release|Any CPU
		{9C31E6E7-94F5-4AAE-B94E-22B965EC84ED}.Release|iPhoneSimulator.Deploy.0 = Release|Any CPU
		{9C31E6E7-94F5-4AAE-B94E-22B965EC84ED}.Release|x64.ActiveCfg = Release|Any CPU
		{9C31E6E7-94F5-4AAE-B94E-22B965EC84ED}.Release|x64.Build.0 = Release|Any CPU
		{9C31E6E7-94F5-4AAE-B94E-22B965EC84ED}.Release|x64.Deploy.0 = Release|Any CPU
		{9C31E6E7-94F5-4AAE-B94E-22B965EC84ED}.Release|x86.ActiveCfg = Release|Any CPU
		{9C31E6E7-94F5-4AAE-B94E-22B965EC84ED}.Release|x86.Build.0 = Release|Any CPU
		{9C31E6E7-94F5-4AAE-B94E-22B965EC84ED}.Release|x86.Deploy.0 = Release|Any CPU
		{F5E0ABDE-252B-4176-997F-AAAB8DB38BBF}.Ad-Hoc|Any CPU.ActiveCfg = Ad-Hoc|iPhone
		{F5E0ABDE-252B-4176-997F-AAAB8DB38BBF}.Ad-Hoc|ARM.ActiveCfg = Ad-Hoc|iPhone
		{F5E0ABDE-252B-4176-997F-AAAB8DB38BBF}.Ad-Hoc|iPhone.ActiveCfg = Ad-Hoc|iPhone
		{F5E0ABDE-252B-4176-997F-AAAB8DB38BBF}.Ad-Hoc|iPhone.Build.0 = Ad-Hoc|iPhone
		{F5E0ABDE-252B-4176-997F-AAAB8DB38BBF}.Ad-Hoc|iPhoneSimulator.ActiveCfg = Ad-Hoc|iPhoneSimulator
		{F5E0ABDE-252B-4176-997F-AAAB8DB38BBF}.Ad-Hoc|iPhoneSimulator.Build.0 = Ad-Hoc|iPhoneSimulator
		{F5E0ABDE-252B-4176-997F-AAAB8DB38BBF}.Ad-Hoc|x64.ActiveCfg = Ad-Hoc|iPhone
		{F5E0ABDE-252B-4176-997F-AAAB8DB38BBF}.Ad-Hoc|x86.ActiveCfg = Ad-Hoc|iPhone
		{F5E0ABDE-252B-4176-997F-AAAB8DB38BBF}.AppStore|Any CPU.ActiveCfg = AppStore|iPhone
		{F5E0ABDE-252B-4176-997F-AAAB8DB38BBF}.AppStore|ARM.ActiveCfg = AppStore|iPhone
		{F5E0ABDE-252B-4176-997F-AAAB8DB38BBF}.AppStore|iPhone.ActiveCfg = AppStore|iPhone
		{F5E0ABDE-252B-4176-997F-AAAB8DB38BBF}.AppStore|iPhone.Build.0 = AppStore|iPhone
		{F5E0ABDE-252B-4176-997F-AAAB8DB38BBF}.AppStore|iPhoneSimulator.ActiveCfg = AppStore|iPhoneSimulator
		{F5E0ABDE-252B-4176-997F-AAAB8DB38BBF}.AppStore|iPhoneSimulator.Build.0 = AppStore|iPhoneSimulator
		{F5E0ABDE-252B-4176-997F-AAAB8DB38BBF}.AppStore|x64.ActiveCfg = AppStore|iPhone
		{F5E0ABDE-252B-4176-997F-AAAB8DB38BBF}.AppStore|x86.ActiveCfg = AppStore|iPhone
		{F5E0ABDE-252B-4176-997F-AAAB8DB38BBF}.Debug|Any CPU.ActiveCfg = Debug|iPhone
		{F5E0ABDE-252B-4176-997F-AAAB8DB38BBF}.Debug|ARM.ActiveCfg = Debug|iPhone
		{F5E0ABDE-252B-4176-997F-AAAB8DB38BBF}.Debug|iPhone.ActiveCfg = Debug|iPhone
		{F5E0ABDE-252B-4176-997F-AAAB8DB38BBF}.Debug|iPhone.Build.0 = Debug|iPhone
		{F5E0ABDE-252B-4176-997F-AAAB8DB38BBF}.Debug|iPhoneSimulator.ActiveCfg = Debug|iPhoneSimulator
		{F5E0ABDE-252B-4176-997F-AAAB8DB38BBF}.Debug|iPhoneSimulator.Build.0 = Debug|iPhoneSimulator
		{F5E0ABDE-252B-4176-997F-AAAB8DB38BBF}.Debug|x64.ActiveCfg = Debug|iPhone
		{F5E0ABDE-252B-4176-997F-AAAB8DB38BBF}.Debug|x86.ActiveCfg = Debug|iPhone
		{F5E0ABDE-252B-4176-997F-AAAB8DB38BBF}.Release|Any CPU.ActiveCfg = Release|iPhone
		{F5E0ABDE-252B-4176-997F-AAAB8DB38BBF}.Release|ARM.ActiveCfg = Release|iPhone
		{F5E0ABDE-252B-4176-997F-AAAB8DB38BBF}.Release|iPhone.ActiveCfg = Release|iPhone
		{F5E0ABDE-252B-4176-997F-AAAB8DB38BBF}.Release|iPhone.Build.0 = Release|iPhone
		{F5E0ABDE-252B-4176-997F-AAAB8DB38BBF}.Release|iPhoneSimulator.ActiveCfg = Release|iPhoneSimulator
		{F5E0ABDE-252B-4176-997F-AAAB8DB38BBF}.Release|iPhoneSimulator.Build.0 = Release|iPhoneSimulator
		{F5E0ABDE-252B-4176-997F-AAAB8DB38BBF}.Release|x64.ActiveCfg = Release|iPhone
		{F5E0ABDE-252B-4176-997F-AAAB8DB38BBF}.Release|x86.ActiveCfg = Release|iPhone
		{EC9ECC10-6C6D-423A-8398-217A7B88B1E6}.Ad-Hoc|Any CPU.ActiveCfg = Release|x64
		{EC9ECC10-6C6D-423A-8398-217A7B88B1E6}.Ad-Hoc|Any CPU.Build.0 = Release|x64
		{EC9ECC10-6C6D-423A-8398-217A7B88B1E6}.Ad-Hoc|Any CPU.Deploy.0 = Release|x64
		{EC9ECC10-6C6D-423A-8398-217A7B88B1E6}.Ad-Hoc|ARM.ActiveCfg = Release|ARM
		{EC9ECC10-6C6D-423A-8398-217A7B88B1E6}.Ad-Hoc|ARM.Build.0 = Release|ARM
		{EC9ECC10-6C6D-423A-8398-217A7B88B1E6}.Ad-Hoc|ARM.Deploy.0 = Release|ARM
		{EC9ECC10-6C6D-423A-8398-217A7B88B1E6}.Ad-Hoc|iPhone.ActiveCfg = Release|x64
		{EC9ECC10-6C6D-423A-8398-217A7B88B1E6}.Ad-Hoc|iPhone.Build.0 = Release|x64
		{EC9ECC10-6C6D-423A-8398-217A7B88B1E6}.Ad-Hoc|iPhone.Deploy.0 = Release|x64
		{EC9ECC10-6C6D-423A-8398-217A7B88B1E6}.Ad-Hoc|iPhoneSimulator.ActiveCfg = Release|x64
		{EC9ECC10-6C6D-423A-8398-217A7B88B1E6}.Ad-Hoc|iPhoneSimulator.Build.0 = Release|x64
		{EC9ECC10-6C6D-423A-8398-217A7B88B1E6}.Ad-Hoc|iPhoneSimulator.Deploy.0 = Release|x64
		{EC9ECC10-6C6D-423A-8398-217A7B88B1E6}.Ad-Hoc|x64.ActiveCfg = Release|x64
		{EC9ECC10-6C6D-423A-8398-217A7B88B1E6}.Ad-Hoc|x64.Build.0 = Release|x64
		{EC9ECC10-6C6D-423A-8398-217A7B88B1E6}.Ad-Hoc|x64.Deploy.0 = Release|x64
		{EC9ECC10-6C6D-423A-8398-217A7B88B1E6}.Ad-Hoc|x86.ActiveCfg = Release|x86
		{EC9ECC10-6C6D-423A-8398-217A7B88B1E6}.Ad-Hoc|x86.Build.0 = Release|x86
		{EC9ECC10-6C6D-423A-8398-217A7B88B1E6}.Ad-Hoc|x86.Deploy.0 = Release|x86
		{EC9ECC10-6C6D-423A-8398-217A7B88B1E6}.AppStore|Any CPU.ActiveCfg = Release|x64
		{EC9ECC10-6C6D-423A-8398-217A7B88B1E6}.AppStore|Any CPU.Build.0 = Release|x64
		{EC9ECC10-6C6D-423A-8398-217A7B88B1E6}.AppStore|Any CPU.Deploy.0 = Release|x64
		{EC9ECC10-6C6D-423A-8398-217A7B88B1E6}.AppStore|ARM.ActiveCfg = Release|ARM
		{EC9ECC10-6C6D-423A-8398-217A7B88B1E6}.AppStore|ARM.Build.0 = Release|ARM
		{EC9ECC10-6C6D-423A-8398-217A7B88B1E6}.AppStore|ARM.Deploy.0 = Release|ARM
		{EC9ECC10-6C6D-423A-8398-217A7B88B1E6}.AppStore|iPhone.ActiveCfg = Release|x64
		{EC9ECC10-6C6D-423A-8398-217A7B88B1E6}.AppStore|iPhone.Build.0 = Release|x64
		{EC9ECC10-6C6D-423A-8398-217A7B88B1E6}.AppStore|iPhone.Deploy.0 = Release|x64
		{EC9ECC10-6C6D-423A-8398-217A7B88B1E6}.AppStore|iPhoneSimulator.ActiveCfg = Release|x64
		{EC9ECC10-6C6D-423A-8398-217A7B88B1E6}.AppStore|iPhoneSimulator.Build.0 = Release|x64
		{EC9ECC10-6C6D-423A-8398-217A7B88B1E6}.AppStore|iPhoneSimulator.Deploy.0 = Release|x64
		{EC9ECC10-6C6D-423A-8398-217A7B88B1E6}.AppStore|x64.ActiveCfg = Release|x64
		{EC9ECC10-6C6D-423A-8398-217A7B88B1E6}.AppStore|x64.Build.0 = Release|x64
		{EC9ECC10-6C6D-423A-8398-217A7B88B1E6}.AppStore|x64.Deploy.0 = Release|x64
		{EC9ECC10-6C6D-423A-8398-217A7B88B1E6}.AppStore|x86.ActiveCfg = Release|x86
		{EC9ECC10-6C6D-423A-8398-217A7B88B1E6}.AppStore|x86.Build.0 = Release|x86
		{EC9ECC10-6C6D-423A-8398-217A7B88B1E6}.AppStore|x86.Deploy.0 = Release|x86
		{EC9ECC10-6C6D-423A-8398-217A7B88B1E6}.Debug|Any CPU.ActiveCfg = Debug|x86
		{EC9ECC10-6C6D-423A-8398-217A7B88B1E6}.Debug|ARM.ActiveCfg = Debug|ARM
		{EC9ECC10-6C6D-423A-8398-217A7B88B1E6}.Debug|ARM.Build.0 = Debug|ARM
		{EC9ECC10-6C6D-423A-8398-217A7B88B1E6}.Debug|ARM.Deploy.0 = Debug|ARM
		{EC9ECC10-6C6D-423A-8398-217A7B88B1E6}.Debug|iPhone.ActiveCfg = Debug|x86
		{EC9ECC10-6C6D-423A-8398-217A7B88B1E6}.Debug|iPhoneSimulator.ActiveCfg = Debug|x86
		{EC9ECC10-6C6D-423A-8398-217A7B88B1E6}.Debug|x64.ActiveCfg = Debug|x64
		{EC9ECC10-6C6D-423A-8398-217A7B88B1E6}.Debug|x64.Build.0 = Debug|x64
		{EC9ECC10-6C6D-423A-8398-217A7B88B1E6}.Debug|x64.Deploy.0 = Debug|x64
		{EC9ECC10-6C6D-423A-8398-217A7B88B1E6}.Debug|x86.ActiveCfg = Debug|x86
		{EC9ECC10-6C6D-423A-8398-217A7B88B1E6}.Debug|x86.Build.0 = Debug|x86
		{EC9ECC10-6C6D-423A-8398-217A7B88B1E6}.Debug|x86.Deploy.0 = Debug|x86
		{EC9ECC10-6C6D-423A-8398-217A7B88B1E6}.Release|Any CPU.ActiveCfg = Release|x86
		{EC9ECC10-6C6D-423A-8398-217A7B88B1E6}.Release|ARM.ActiveCfg = Release|ARM
		{EC9ECC10-6C6D-423A-8398-217A7B88B1E6}.Release|ARM.Build.0 = Release|ARM
		{EC9ECC10-6C6D-423A-8398-217A7B88B1E6}.Release|ARM.Deploy.0 = Release|ARM
		{EC9ECC10-6C6D-423A-8398-217A7B88B1E6}.Release|iPhone.ActiveCfg = Release|x86
		{EC9ECC10-6C6D-423A-8398-217A7B88B1E6}.Release|iPhoneSimulator.ActiveCfg = Release|x86
		{EC9ECC10-6C6D-423A-8398-217A7B88B1E6}.Release|x64.ActiveCfg = Release|x64
		{EC9ECC10-6C6D-423A-8398-217A7B88B1E6}.Release|x64.Build.0 = Release|x64
		{EC9ECC10-6C6D-423A-8398-217A7B88B1E6}.Release|x64.Deploy.0 = Release|x64
		{EC9ECC10-6C6D-423A-8398-217A7B88B1E6}.Release|x86.ActiveCfg = Release|x86
		{EC9ECC10-6C6D-423A-8398-217A7B88B1E6}.Release|x86.Build.0 = Release|x86
		{EC9ECC10-6C6D-423A-8398-217A7B88B1E6}.Release|x86.Deploy.0 = Release|x86
		{E5627A6C-400A-490F-8F80-C5CF3951713F}.Ad-Hoc|Any CPU.ActiveCfg = Debug|Any CPU
		{E5627A6C-400A-490F-8F80-C5CF3951713F}.Ad-Hoc|Any CPU.Build.0 = Debug|Any CPU
		{E5627A6C-400A-490F-8F80-C5CF3951713F}.Ad-Hoc|ARM.ActiveCfg = Debug|Any CPU
		{E5627A6C-400A-490F-8F80-C5CF3951713F}.Ad-Hoc|ARM.Build.0 = Debug|Any CPU
		{E5627A6C-400A-490F-8F80-C5CF3951713F}.Ad-Hoc|iPhone.ActiveCfg = Debug|Any CPU
		{E5627A6C-400A-490F-8F80-C5CF3951713F}.Ad-Hoc|iPhone.Build.0 = Debug|Any CPU
		{E5627A6C-400A-490F-8F80-C5CF3951713F}.Ad-Hoc|iPhoneSimulator.ActiveCfg = Debug|Any CPU
		{E5627A6C-400A-490F-8F80-C5CF3951713F}.Ad-Hoc|iPhoneSimulator.Build.0 = Debug|Any CPU
		{E5627A6C-400A-490F-8F80-C5CF3951713F}.Ad-Hoc|x64.ActiveCfg = Debug|Any CPU
		{E5627A6C-400A-490F-8F80-C5CF3951713F}.Ad-Hoc|x64.Build.0 = Debug|Any CPU
		{E5627A6C-400A-490F-8F80-C5CF3951713F}.Ad-Hoc|x86.ActiveCfg = Debug|Any CPU
		{E5627A6C-400A-490F-8F80-C5CF3951713F}.Ad-Hoc|x86.Build.0 = Debug|Any CPU
		{E5627A6C-400A-490F-8F80-C5CF3951713F}.AppStore|Any CPU.ActiveCfg = Debug|Any CPU
		{E5627A6C-400A-490F-8F80-C5CF3951713F}.AppStore|Any CPU.Build.0 = Debug|Any CPU
		{E5627A6C-400A-490F-8F80-C5CF3951713F}.AppStore|ARM.ActiveCfg = Debug|Any CPU
		{E5627A6C-400A-490F-8F80-C5CF3951713F}.AppStore|ARM.Build.0 = Debug|Any CPU
		{E5627A6C-400A-490F-8F80-C5CF3951713F}.AppStore|iPhone.ActiveCfg = Debug|Any CPU
		{E5627A6C-400A-490F-8F80-C5CF3951713F}.AppStore|iPhone.Build.0 = Debug|Any CPU
		{E5627A6C-400A-490F-8F80-C5CF3951713F}.AppStore|iPhoneSimulator.ActiveCfg = Debug|Any CPU
		{E5627A6C-400A-490F-8F80-C5CF3951713F}.AppStore|iPhoneSimulator.Build.0 = Debug|Any CPU
		{E5627A6C-400A-490F-8F80-C5CF3951713F}.AppStore|x64.ActiveCfg = Debug|Any CPU
		{E5627A6C-400A-490F-8F80-C5CF3951713F}.AppStore|x64.Build.0 = Debug|Any CPU
		{E5627A6C-400A-490F-8F80-C5CF3951713F}.AppStore|x86.ActiveCfg = Debug|Any CPU
		{E5627A6C-400A-490F-8F80-C5CF3951713F}.AppStore|x86.Build.0 = Debug|Any CPU
		{E5627A6C-400A-490F-8F80-C5CF3951713F}.Debug|Any CPU.ActiveCfg = Debug|Any CPU
		{E5627A6C-400A-490F-8F80-C5CF3951713F}.Debug|Any CPU.Build.0 = Debug|Any CPU
		{E5627A6C-400A-490F-8F80-C5CF3951713F}.Debug|ARM.ActiveCfg = Debug|Any CPU
		{E5627A6C-400A-490F-8F80-C5CF3951713F}.Debug|ARM.Build.0 = Debug|Any CPU
		{E5627A6C-400A-490F-8F80-C5CF3951713F}.Debug|iPhone.ActiveCfg = Debug|Any CPU
		{E5627A6C-400A-490F-8F80-C5CF3951713F}.Debug|iPhone.Build.0 = Debug|Any CPU
		{E5627A6C-400A-490F-8F80-C5CF3951713F}.Debug|iPhoneSimulator.ActiveCfg = Debug|Any CPU
		{E5627A6C-400A-490F-8F80-C5CF3951713F}.Debug|iPhoneSimulator.Build.0 = Debug|Any CPU
		{E5627A6C-400A-490F-8F80-C5CF3951713F}.Debug|x64.ActiveCfg = Debug|Any CPU
		{E5627A6C-400A-490F-8F80-C5CF3951713F}.Debug|x64.Build.0 = Debug|Any CPU
		{E5627A6C-400A-490F-8F80-C5CF3951713F}.Debug|x86.ActiveCfg = Debug|Any CPU
		{E5627A6C-400A-490F-8F80-C5CF3951713F}.Debug|x86.Build.0 = Debug|Any CPU
		{E5627A6C-400A-490F-8F80-C5CF3951713F}.Release|Any CPU.ActiveCfg = Release|Any CPU
		{E5627A6C-400A-490F-8F80-C5CF3951713F}.Release|Any CPU.Build.0 = Release|Any CPU
		{E5627A6C-400A-490F-8F80-C5CF3951713F}.Release|ARM.ActiveCfg = Release|Any CPU
		{E5627A6C-400A-490F-8F80-C5CF3951713F}.Release|ARM.Build.0 = Release|Any CPU
		{E5627A6C-400A-490F-8F80-C5CF3951713F}.Release|iPhone.ActiveCfg = Release|Any CPU
		{E5627A6C-400A-490F-8F80-C5CF3951713F}.Release|iPhone.Build.0 = Release|Any CPU
		{E5627A6C-400A-490F-8F80-C5CF3951713F}.Release|iPhoneSimulator.ActiveCfg = Release|Any CPU
		{E5627A6C-400A-490F-8F80-C5CF3951713F}.Release|iPhoneSimulator.Build.0 = Release|Any CPU
		{E5627A6C-400A-490F-8F80-C5CF3951713F}.Release|x64.ActiveCfg = Release|Any CPU
		{E5627A6C-400A-490F-8F80-C5CF3951713F}.Release|x64.Build.0 = Release|Any CPU
		{E5627A6C-400A-490F-8F80-C5CF3951713F}.Release|x86.ActiveCfg = Release|Any CPU
		{E5627A6C-400A-490F-8F80-C5CF3951713F}.Release|x86.Build.0 = Release|Any CPU
	EndGlobalSection
	GlobalSection(SolutionProperties) = preSolution
		HideSolutionNode = FALSE
	EndGlobalSection
	GlobalSection(ExtensibilityGlobals) = postSolution
		SolutionGuid = {C92D8D1B-5889-4266-8422-215F9E5717C2}
	EndGlobalSection
EndGlobal
